
Microsoft Visual Studio Solution File, Format Version 12.00
# Visual Studio Version 16
VisualStudioVersion = 16.0.30223.230
MinimumVisualStudioVersion = 10.0.40219.1
Project("{FAE04EC0-301F-11D3-BF4B-00C04F79EFBC}") = "HMigo.Bot", "HMigo.Bot\HMigo.Bot.csproj", "{B52DADB0-AE0C-4846-A805-3D14B1CF13A9}"
EndProject
Global
	GlobalSection(SolutionConfigurationPlatforms) = preSolution
		Debug|Any CPU = Debug|Any CPU
		Release|Any CPU = Release|Any CPU
	EndGlobalSection
	GlobalSection(ProjectConfigurationPlatforms) = postSolution
		{B52DADB0-AE0C-4846-A805-3D14B1CF13A9}.Debug|Any CPU.ActiveCfg = Debug|Any CPU
		{B52DADB0-AE0C-4846-A805-3D14B1CF13A9}.Debug|Any CPU.Build.0 = Debug|Any CPU
		{B52DADB0-AE0C-4846-A805-3D14B1CF13A9}.Release|Any CPU.ActiveCfg = Release|Any CPU
		{B52DADB0-AE0C-4846-A805-3D14B1CF13A9}.Release|Any CPU.Build.0 = Release|Any CPU
	EndGlobalSection
	GlobalSection(SolutionProperties) = preSolution
		HideSolutionNode = FALSE
	EndGlobalSection
	GlobalSection(ExtensibilityGlobals) = postSolution
		SolutionGuid = {D57659AE-08F9-4B51-A4B2-409C6F91E32D}
	EndGlobalSection
EndGlobal
